
Microsoft Visual Studio Solution File, Format Version 12.00
# Visual Studio Version 17
VisualStudioVersion = 17.8.34525.116
MinimumVisualStudioVersion = 10.0.40219.1
Project("{2150E333-8FDC-42A3-9474-1A3956D46DE8}") = "Account", "Account", "{CD985EF3-5E2A-4382-A0EF-868270A07A37}"
EndProject
Project("{2150E333-8FDC-42A3-9474-1A3956D46DE8}") = "Catalog", "Catalog", "{4930C6AE-871C-4261-8ED4-9EA79A73F028}"
EndProject
Project("{2150E333-8FDC-42A3-9474-1A3956D46DE8}") = "Ordering", "Ordering", "{E6D7C627-6D22-46C7-9016-517AFC947058}"
EndProject
Project("{9A19103F-16F7-4668-BE54-9A1E7A4F7556}") = "Account.API", "src\Account.API\Account.API.csproj", "{AB6AD223-FC29-423C-A20B-19DBA2BCFFE2}"
EndProject
Project("{2150E333-8FDC-42A3-9474-1A3956D46DE8}") = "Common", "Common", "{5D86CBEB-0D5F-4C78-8E86-D7E21D05CD25}"
EndProject
Project("{9A19103F-16F7-4668-BE54-9A1E7A4F7556}") = "Common", "src\Common\Common.csproj", "{C07C88C7-E932-447D-AE70-9591265D633A}"
EndProject
Project("{9A19103F-16F7-4668-BE54-9A1E7A4F7556}") = "Catalog.API", "src\Catalog.API\Catalog.API.csproj", "{45327F7A-3792-4D64-80DE-B7D47328005C}"
EndProject
Project("{9A19103F-16F7-4668-BE54-9A1E7A4F7556}") = "Ordering.API", "src\Ordering.API\Ordering.API.csproj", "{834AFCCA-4677-467B-9261-47228636B5C9}"
EndProject
Project("{2150E333-8FDC-42A3-9474-1A3956D46DE8}") = "ApiGateway", "ApiGateway", "{C6250146-46CB-41C7-ACB2-826FD664560C}"
EndProject
Project("{9A19103F-16F7-4668-BE54-9A1E7A4F7556}") = "ApiGateway", "src\ApiGateway\ApiGateway.csproj", "{56EC7AC0-C58F-4C28-9B02-F14C0746E41B}"
EndProject
Project("{2150E333-8FDC-42A3-9474-1A3956D46DE8}") = "EventBus", "EventBus", "{4FED7D4D-E55D-4D87-8D21-2FC3CA577D0F}"
EndProject
Project("{9A19103F-16F7-4668-BE54-9A1E7A4F7556}") = "EventBus", "src\EventBus\EventBus.csproj", "{0621F7ED-EB3C-409E-8C65-BD620D54F14B}"
EndProject
Project("{9A19103F-16F7-4668-BE54-9A1E7A4F7556}") = "EventBus.SharedModels", "src\EventBus.SharedModels\EventBus.SharedModels.csproj", "{980CFC0E-F567-469C-8CF6-31A0372ADB26}"
EndProject
Project("{9A19103F-16F7-4668-BE54-9A1E7A4F7556}") = "Account.Tests", "src\UnitTests\Account.Tests\Account.Tests.csproj", "{DB93E637-6382-423D-80A0-01B7D9DD519E}"
EndProject
Project("{FAE04EC0-301F-11D3-BF4B-00C04F79EFBC}") = "Account.IntegrationTests", "src\IntegrationTests\Account.IntegrationTests\Account.IntegrationTests.csproj", "{2592CDA7-A70F-40D7-97DD-390EA17CB702}"
EndProject
Global
	GlobalSection(SolutionConfigurationPlatforms) = preSolution
		Debug|Any CPU = Debug|Any CPU
		Release|Any CPU = Release|Any CPU
	EndGlobalSection
	GlobalSection(ProjectConfigurationPlatforms) = postSolution
		{AB6AD223-FC29-423C-A20B-19DBA2BCFFE2}.Debug|Any CPU.ActiveCfg = Debug|Any CPU
		{AB6AD223-FC29-423C-A20B-19DBA2BCFFE2}.Debug|Any CPU.Build.0 = Debug|Any CPU
		{AB6AD223-FC29-423C-A20B-19DBA2BCFFE2}.Release|Any CPU.ActiveCfg = Release|Any CPU
		{AB6AD223-FC29-423C-A20B-19DBA2BCFFE2}.Release|Any CPU.Build.0 = Release|Any CPU
		{C07C88C7-E932-447D-AE70-9591265D633A}.Debug|Any CPU.ActiveCfg = Debug|Any CPU
		{C07C88C7-E932-447D-AE70-9591265D633A}.Debug|Any CPU.Build.0 = Debug|Any CPU
		{C07C88C7-E932-447D-AE70-9591265D633A}.Release|Any CPU.ActiveCfg = Release|Any CPU
		{C07C88C7-E932-447D-AE70-9591265D633A}.Release|Any CPU.Build.0 = Release|Any CPU
		{45327F7A-3792-4D64-80DE-B7D47328005C}.Debug|Any CPU.ActiveCfg = Debug|Any CPU
		{45327F7A-3792-4D64-80DE-B7D47328005C}.Debug|Any CPU.Build.0 = Debug|Any CPU
		{45327F7A-3792-4D64-80DE-B7D47328005C}.Release|Any CPU.ActiveCfg = Release|Any CPU
		{45327F7A-3792-4D64-80DE-B7D47328005C}.Release|Any CPU.Build.0 = Release|Any CPU
		{834AFCCA-4677-467B-9261-47228636B5C9}.Debug|Any CPU.ActiveCfg = Debug|Any CPU
		{834AFCCA-4677-467B-9261-47228636B5C9}.Debug|Any CPU.Build.0 = Debug|Any CPU
		{834AFCCA-4677-467B-9261-47228636B5C9}.Release|Any CPU.ActiveCfg = Release|Any CPU
		{834AFCCA-4677-467B-9261-47228636B5C9}.Release|Any CPU.Build.0 = Release|Any CPU
		{56EC7AC0-C58F-4C28-9B02-F14C0746E41B}.Debug|Any CPU.ActiveCfg = Debug|Any CPU
		{56EC7AC0-C58F-4C28-9B02-F14C0746E41B}.Debug|Any CPU.Build.0 = Debug|Any CPU
		{56EC7AC0-C58F-4C28-9B02-F14C0746E41B}.Release|Any CPU.ActiveCfg = Release|Any CPU
		{56EC7AC0-C58F-4C28-9B02-F14C0746E41B}.Release|Any CPU.Build.0 = Release|Any CPU
		{0621F7ED-EB3C-409E-8C65-BD620D54F14B}.Debug|Any CPU.ActiveCfg = Debug|Any CPU
		{0621F7ED-EB3C-409E-8C65-BD620D54F14B}.Debug|Any CPU.Build.0 = Debug|Any CPU
		{0621F7ED-EB3C-409E-8C65-BD620D54F14B}.Release|Any CPU.ActiveCfg = Release|Any CPU
		{0621F7ED-EB3C-409E-8C65-BD620D54F14B}.Release|Any CPU.Build.0 = Release|Any CPU
		{980CFC0E-F567-469C-8CF6-31A0372ADB26}.Debug|Any CPU.ActiveCfg = Debug|Any CPU
		{980CFC0E-F567-469C-8CF6-31A0372ADB26}.Debug|Any CPU.Build.0 = Debug|Any CPU
		{980CFC0E-F567-469C-8CF6-31A0372ADB26}.Release|Any CPU.ActiveCfg = Release|Any CPU
		{980CFC0E-F567-469C-8CF6-31A0372ADB26}.Release|Any CPU.Build.0 = Release|Any CPU
		{DB93E637-6382-423D-80A0-01B7D9DD519E}.Debug|Any CPU.ActiveCfg = Debug|Any CPU
		{DB93E637-6382-423D-80A0-01B7D9DD519E}.Debug|Any CPU.Build.0 = Debug|Any CPU
		{DB93E637-6382-423D-80A0-01B7D9DD519E}.Release|Any CPU.ActiveCfg = Release|Any CPU
		{DB93E637-6382-423D-80A0-01B7D9DD519E}.Release|Any CPU.Build.0 = Release|Any CPU
		{2592CDA7-A70F-40D7-97DD-390EA17CB702}.Debug|Any CPU.ActiveCfg = Debug|Any CPU
		{2592CDA7-A70F-40D7-97DD-390EA17CB702}.Debug|Any CPU.Build.0 = Debug|Any CPU
		{2592CDA7-A70F-40D7-97DD-390EA17CB702}.Release|Any CPU.ActiveCfg = Release|Any CPU
		{2592CDA7-A70F-40D7-97DD-390EA17CB702}.Release|Any CPU.Build.0 = Release|Any CPU
	EndGlobalSection
	GlobalSection(SolutionProperties) = preSolution
		HideSolutionNode = FALSE
	EndGlobalSection
	GlobalSection(NestedProjects) = preSolution
		{AB6AD223-FC29-423C-A20B-19DBA2BCFFE2} = {CD985EF3-5E2A-4382-A0EF-868270A07A37}
		{C07C88C7-E932-447D-AE70-9591265D633A} = {5D86CBEB-0D5F-4C78-8E86-D7E21D05CD25}
		{45327F7A-3792-4D64-80DE-B7D47328005C} = {4930C6AE-871C-4261-8ED4-9EA79A73F028}
		{834AFCCA-4677-467B-9261-47228636B5C9} = {E6D7C627-6D22-46C7-9016-517AFC947058}
		{56EC7AC0-C58F-4C28-9B02-F14C0746E41B} = {C6250146-46CB-41C7-ACB2-826FD664560C}
		{0621F7ED-EB3C-409E-8C65-BD620D54F14B} = {4FED7D4D-E55D-4D87-8D21-2FC3CA577D0F}
		{980CFC0E-F567-469C-8CF6-31A0372ADB26} = {4FED7D4D-E55D-4D87-8D21-2FC3CA577D0F}
		{DB93E637-6382-423D-80A0-01B7D9DD519E} = {CD985EF3-5E2A-4382-A0EF-868270A07A37}
		{2592CDA7-A70F-40D7-97DD-390EA17CB702} = {CD985EF3-5E2A-4382-A0EF-868270A07A37}
	EndGlobalSection
	GlobalSection(ExtensibilityGlobals) = postSolution
		SolutionGuid = {CB9DE0D3-EB54-4FBC-8B93-56DE5B761990}
	EndGlobalSection
EndGlobal
